version: 7
environments:
  default:
    channels:
      - url: https://conda.anaconda.org/conda-forge/
    packages:
      linux-64:
        - conda: pixi-build-package
packages:
  - conda: pixi-build-package
    name: pixi-build-package
    version: 1.0.0
    build: pyhbf21a9e_0
    subdir: noarch
    package_build_source:
      git: https://github.com/example/pixi-package.git
      branch: main
      rev: abcdef123456789
