metadata:
  content_hash:
    win-64: e90c2ee71ad70fc0a1c8302029533a7d1498f2bffcd0eaa8d2934700e775dc1d
  channels:
  - url: https://conda.anaconda.org/conda-forge/
    used_env_vars: []
  platforms:
  - win-64
  sources: []
  time_metadata: null
  git_metadata: null
  inputs_metadata: null
  custom_metadata: null
package:
- name: maturin
  version: 1.2.2
  manager: conda
  platform: win-64
  dependencies:
    python: '>=3.11,<3.12.0a0'
    python_abi: 3.11.* *_cp311
    m2w64-gcc-libs-core: '*'
    m2w64-gcc-libs: '*'
    tomli: '>=1.1.0'
  url: https://conda.anaconda.org/conda-forge/win-64/maturin-1.2.2-py311h9a9e57f_0.conda
  hash:
    md5: d31337a5eaef288501098613c4928ac8
    sha256: 1a0c9d8977443240d61dfb10c79d9d6614154754c24c09bb73fa7453a6e3947b
  optional: false
  category: main
  build: py311h9a9e57f_0
  arch: x86_64
  subdir: win-64
  build_number: 0
  license: MIT
  license_family: MIT
  size: 4563901
  timestamp: 1692146990446
- name: pip
  version: 23.2.1
  manager: conda
  platform: win-64
  dependencies:
    setuptools: '*'
    python: '>=3.7'
    wheel: '*'
  url: https://conda.anaconda.org/conda-forge/noarch/pip-23.2.1-pyhd8ed1ab_0.conda
  hash:
    md5: e2783aa3f9235225eec92f9081c5b801
    sha256: 9e401b171856e12f6aa32ae5cc1ae1d3708aa7d705ddf359ee7dd0dffd73c2b5
  optional: false
  category: main
  build: pyhd8ed1ab_0
  arch: x86_64
  subdir: win-64
  build_number: 0
  license: MIT
  license_family: MIT
  noarch: python
  size: 1386212
  timestamp: 1690024763393
- name: setuptools
  version: 68.0.0
  manager: conda
  platform: win-64
  dependencies:
    python: '>=3.7'
  url: https://conda.anaconda.org/conda-forge/noarch/setuptools-68.0.0-pyhd8ed1ab_0.conda
  hash:
    md5: 5a7739d0f57ee64133c9d32e6507c46d
    sha256: 083a0913f5b56644051f31ac40b4eeea762a88c00aa12437817191b85a753cec
  optional: false
  category: main
  build: pyhd8ed1ab_0
  arch: x86_64
  subdir: win-64
  build_number: 0
  license: MIT
  license_family: MIT
  noarch: python
  size: 463712
  timestamp: 1687527994911
- name: python
  version: 3.11.4
  manager: conda
  platform: win-64
  dependencies:
    tzdata: '*'
    openssl: '>=3.1.1,<4.0a0'
    libffi: '>=3.4,<4.0a0'
    libsqlite: '>=3.42.0,<4.0a0'
    libzlib: '>=1.2.13,<1.3.0a0'
    libexpat: '>=2.5.0,<3.0a0'
    tk: '>=8.6.12,<8.7.0a0'
    bzip2: '>=1.0.8,<2.0a0'
    ucrt: '>=10.0.20348.0'
    vc: '>=14.2,<15'
    vc14_runtime: '>=14.29.30139'
    xz: '>=5.2.6,<6.0a0'
  url: https://conda.anaconda.org/conda-forge/win-64/python-3.11.4-h2628c8c_0_cpython.conda
  hash:
    md5: 3187a32fba79e835f099ecea054026f4
    sha256: d43fa70a3549fea27d3993f79ba2584ec6d6fe2aaf6e5890847f974e89a744e0
  optional: false
  category: main
  build: h2628c8c_0_cpython
  arch: x86_64
  subdir: win-64
  build_number: 0
  constrains:
  - python_abi 3.11.* *_cp311
  license: Python-2.0
  size: 18116100
  timestamp: 1686420267149
- name: tzdata
  version: 2023c
  manager: conda
  platform: win-64
  dependencies: {}
  url: https://conda.anaconda.org/conda-forge/noarch/tzdata-2023c-h71feb2d_0.conda
  hash:
    md5: 939e3e74d8be4dac89ce83b20de2492a
    sha256: 0449138224adfa125b220154408419ec37c06b0b49f63c5954724325903ecf55
  optional: false
  category: main
  build: h71feb2d_0
  arch: x86_64
  subdir: win-64
  build_number: 0
  license: LicenseRef-Public-Domain
  noarch: generic
  size: 117580
  timestamp: 1680041306008
- name: openssl
  version: 3.1.2
  manager: conda
  platform: win-64
  dependencies:
    ucrt: '>=10.0.20348.0'
    ca-certificates: '*'
    vc: '>=14.2,<15'
    vc14_runtime: '>=14.29.30139'
  url: https://conda.anaconda.org/conda-forge/win-64/openssl-3.1.2-hcfcfb64_0.conda
  hash:
    md5: 79b3f40f27cd80a265c276cea6714507
    sha256: 676b78a786bf845cdca96fa830459f1ffa6603954a88ad86f476456d0a909f4e
  optional: false
  category: main
  build: hcfcfb64_0
  arch: x86_64
  subdir: win-64
  build_number: 0
  constrains:
  - pyopenssl >=22.1
  license: Apache-2.0
  license_family: Apache
  size: 7408520
  timestamp: 1690950343576
- name: ucrt
  version: 10.0.22621.0
  manager: conda
  platform: win-64
  dependencies: {}
  url: https://conda.anaconda.org/conda-forge/win-64/ucrt-10.0.22621.0-h57928b3_0.tar.bz2
  hash:
    md5: 72608f6cd3e5898229c3ea16deb1ac43
    sha256: f29cdaf8712008f6b419b8b1a403923b00ab2504bfe0fb2ba8eb60e72d4f14c6
  optional: false
  category: main
  build: h57928b3_0
  arch: x86_64
  subdir: win-64
  build_number: 0
  constrains:
  - vs2015_runtime >=14.29.30037
  license: LicenseRef-Proprietary
  license_family: PROPRIETARY
  size: 1283972
  timestamp: 1666630199266
- name: ca-certificates
  version: 2023.7.22
  manager: conda
  platform: win-64
  dependencies: {}
  url: https://conda.anaconda.org/conda-forge/win-64/ca-certificates-2023.7.22-h56e8100_0.conda
  hash:
    md5: b1c2327b36f1a25d96f2039b0d3e3739
    sha256: b85a6f307f8e1c803cb570bdfb9e4d811a361417873ecd2ecf687587405a72e0
  optional: false
  category: main
  build: h56e8100_0
  arch: x86_64
  subdir: win-64
  build_number: 0
  license: ISC
  size: 150013
  timestamp: 1690026269050
- name: vc
  version: '14.3'
  manager: conda
  platform: win-64
  dependencies:
    vc14_runtime: '>=14.36.32532'
  url: https://conda.anaconda.org/conda-forge/win-64/vc-14.3-h64f974e_17.conda
  hash:
    md5: 67ff6791f235bb606659bf2a5c169191
    sha256: 86ae94bf680980776aa761c2b0909a0ddbe1f817e7eeb8b16a1730f10f8891b6
  optional: false
  category: main
  build: h64f974e_17
  arch: x86_64
  subdir: win-64
  build_number: 17
  track_features:
  - vc14
  license: BSD-3-Clause
  license_family: BSD
  size: 17176
  timestamp: 1688020629925
- name: vc14_runtime
  version: 14.36.32532
  manager: conda
  platform: win-64
  dependencies:
    ucrt: '>=10.0.20348.0'
  url: https://conda.anaconda.org/conda-forge/win-64/vc14_runtime-14.36.32532-hfdfe4a8_17.conda
  hash:
    md5: 91c1ecaf3996889532fc0456178b1058
    sha256: e76986c555647347a0185e646ef65625dabed60da255f6b30367df8bd6dc6cd8
  optional: false
  category: main
  build: hfdfe4a8_17
  arch: x86_64
  subdir: win-64
  build_number: 17
  constrains:
  - vs2015_runtime 14.36.32532.* *_17
  license: LicenseRef-ProprietaryMicrosoft
  license_family: Proprietary
  size: 740599
  timestamp: 1688020615962
- name: libffi
  version: 3.4.2
  manager: conda
  platform: win-64
  dependencies:
    vc: '>=14.1,<15.0a0'
    vs2015_runtime: '>=14.16.27012'
  url: https://conda.anaconda.org/conda-forge/win-64/libffi-3.4.2-h8ffe710_5.tar.bz2
  hash:
    md5: 2c96d1b6915b408893f9472569dee135
    sha256: 1951ab740f80660e9bc07d2ed3aefb874d78c107264fd810f24a1a6211d4b1a5
  optional: false
  category: main
  build: h8ffe710_5
  arch: x86_64
  subdir: win-64
  build_number: 5
  license: MIT
  license_family: MIT
  size: 42063
  timestamp: 1636489106777
- name: vs2015_runtime
  version: 14.36.32532
  manager: conda
  platform: win-64
  dependencies:
    vc14_runtime: '>=14.36.32532'
  url: https://conda.anaconda.org/conda-forge/win-64/vs2015_runtime-14.36.32532-h05e6639_17.conda
  hash:
    md5: 4618046c39f7c81861e53ded842e738a
    sha256: 5ecbd731dc7f13762d67be0eadc47eb7f14713005e430d9b5fc680e965ac0f81
  optional: false
  category: main
  build: h05e6639_17
  arch: x86_64
  subdir: win-64
  build_number: 17
  license: BSD-3-Clause
  license_family: BSD
  size: 17207
  timestamp: 1688020635322
- name: libsqlite
  version: 3.42.0
  manager: conda
  platform: win-64
  dependencies:
    ucrt: '>=10.0.20348.0'
    vc: '>=14.2,<15'
    vc14_runtime: '>=14.29.30139'
  url: https://conda.anaconda.org/conda-forge/win-64/libsqlite-3.42.0-hcfcfb64_0.conda
  hash:
    md5: 9a71d93deb99cc09d8939d5235b5909a
    sha256: 70bc1fdb72de847807355c13144666d4f151894f9b141ee559f5d243bdf577e2
  optional: false
  category: main
  build: hcfcfb64_0
  arch: x86_64
  subdir: win-64
  build_number: 0
  license: Unlicense
  size: 839797
  timestamp: 1684265312954
- name: libzlib
  version: 1.2.13
  manager: conda
  platform: win-64
  dependencies:
    ucrt: '>=10.0.20348.0'
    vc: '>=14.2,<15'
    vc14_runtime: '>=14.29.30139'
  url: https://conda.anaconda.org/conda-forge/win-64/libzlib-1.2.13-hcfcfb64_5.conda
  hash:
    md5: 5fdb9c6a113b6b6cb5e517fd972d5f41
    sha256: c161822ee8130b71e08b6d282b9919c1de2c5274b29921a867bca0f7d30cad26
  optional: false
  category: main
  build: hcfcfb64_5
  arch: x86_64
  subdir: win-64
  build_number: 5
  constrains:
  - zlib 1.2.13 *_5
  license: Zlib
  license_family: Other
  size: 55800
  timestamp: 1686575452215
- name: libexpat
  version: 2.5.0
  manager: conda
  platform: win-64
  dependencies: {}
  url: https://conda.anaconda.org/conda-forge/win-64/libexpat-2.5.0-h63175ca_1.conda
  hash:
    md5: 636cc3cbbd2e28bcfd2f73b2044aac2c
    sha256: 794b2a9be72f176a2767c299574d330ffb76b2ed75d7fd20bee3bbadce5886cf
  optional: false
  category: main
  build: h63175ca_1
  arch: x86_64
  subdir: win-64
  build_number: 1
  constrains:
  - expat 2.5.0.*
  license: MIT
  license_family: MIT
  size: 138689
  timestamp: 1680190844101
- name: tk
  version: 8.6.12
  manager: conda
  platform: win-64
  dependencies:
    vc: '>=14.1,<15'
    vs2015_runtime: '>=14.16.27033'
  url: https://conda.anaconda.org/conda-forge/win-64/tk-8.6.12-h8ffe710_0.tar.bz2
  hash:
    md5: c69a5047cc9291ae40afd4a1ad6f0c0f
    sha256: 087795090a99a1d397ef1ed80b4a01fabfb0122efb141562c168e3c0a76edba6
  optional: false
  category: main
  build: h8ffe710_0
  arch: x86_64
  subdir: win-64
  build_number: 0
  license: TCL
  license_family: BSD
  size: 3681762
  timestamp: 1645033031535
- name: bzip2
  version: 1.0.8
  manager: conda
  platform: win-64
  dependencies:
    vc: '>=14.1,<15.0a0'
    vs2015_runtime: '>=14.16.27012'
  url: https://conda.anaconda.org/conda-forge/win-64/bzip2-1.0.8-h8ffe710_4.tar.bz2
  hash:
    md5: 7c03c66026944073040cb19a4f3ec3c9
    sha256: 5389dad4e73e4865bb485f460fc60b120bae74404003d457ecb1a62eb7abf0c1
  optional: false
  category: main
  build: h8ffe710_4
  arch: x86_64
  subdir: win-64
  build_number: 4
  license: bzip2-1.0.6
  license_family: BSD
  size: 152247
  timestamp: 1606605223049
- name: xz
  version: 5.2.6
  manager: conda
  platform: win-64
  dependencies:
    vc: '>=14.1,<15'
    vs2015_runtime: '>=14.16.27033'
  url: https://conda.anaconda.org/conda-forge/win-64/xz-5.2.6-h8d14728_0.tar.bz2
  hash:
    md5: 515d77642eaa3639413c6b1bc3f94219
    sha256: 54d9778f75a02723784dc63aff4126ff6e6749ba21d11a6d03c1f4775f269fe0
  optional: false
  category: main
  build: h8d14728_0
  arch: x86_64
  subdir: win-64
  build_number: 0
  license: LGPL-2.1 and GPL-2.0
  size: 217804
  timestamp: 1660346976440
- name: wheel
  version: 0.41.1
  manager: conda
  platform: win-64
  dependencies:
    python: '>=3.7'
  url: https://conda.anaconda.org/conda-forge/noarch/wheel-0.41.1-pyhd8ed1ab_0.conda
  hash:
    md5: 8f467ba2db2b5470d297953d9c1f9c7d
    sha256: a27e2c2709245386ebffae865650b5d3f383530b809480c3083f7ae258759303
  optional: false
  category: main
  build: pyhd8ed1ab_0
  arch: x86_64
  subdir: win-64
  build_number: 0
  license: MIT
  license_family: MIT
  noarch: python
  size: 57374
  timestamp: 1691249256363
- name: python_abi
  version: '3.11'
  manager: conda
  platform: win-64
  dependencies: {}
  url: https://conda.anaconda.org/conda-forge/win-64/python_abi-3.11-3_cp311.conda
  hash:
    md5: fd1634ba85cfea9376e1fc02d6f592e9
    sha256: e042841d13274354d651a69a4f2589e9b46fd23b416368c9821bf3c6676f19d7
  optional: false
  category: main
  build: 3_cp311
  arch: x86_64
  subdir: win-64
  build_number: 3
  constrains:
  - python 3.11.* *_cpython
  license: BSD-3-Clause
  license_family: BSD
  size: 6124
  timestamp: 1669071848353
- name: m2w64-gcc-libs-core
  version: 5.3.0
  manager: conda
  platform: win-64
  dependencies:
    msys2-conda-epoch: '>=20160418'
    m2w64-gmp: '*'
    m2w64-libwinpthread-git: '*'
  url: https://conda.anaconda.org/conda-forge/win-64/m2w64-gcc-libs-core-5.3.0-7.tar.bz2
  hash:
    md5: 4289d80fb4d272f1f3b56cfe87ac90bd
    sha256: 58afdfe859ed2e9a9b1cc06bc408720cb2c3a6a132e59d4805b090d7574f4ee0
  optional: false
  category: main
  build: '7'
  arch: x86_64
  subdir: win-64
  build_number: 7
  license: GPL3+, partial:GCCRLE, partial:LGPL2+
  size: 219240
  timestamp: 1608163481341
- name: m2w64-gmp
  version: 6.1.0
  manager: conda
  platform: win-64
  dependencies:
    msys2-conda-epoch: '>=20160418'
  url: https://conda.anaconda.org/conda-forge/win-64/m2w64-gmp-6.1.0-2.tar.bz2
  hash:
    md5: 53a1c73e1e3d185516d7e3af177596d9
    sha256: 7e3cd95f554660de45f8323fca359e904e8d203efaf07a4d311e46d611481ed1
  optional: false
  category: main
  build: '2'
  arch: x86_64
  subdir: win-64
  build_number: 2
  license: LGPL3
  size: 743501
  timestamp: 1608163782057
- name: msys2-conda-epoch
  version: '20160418'
  manager: conda
  platform: win-64
  dependencies: {}
  url: https://conda.anaconda.org/conda-forge/win-64/msys2-conda-epoch-20160418-1.tar.bz2
  hash:
    md5: b0309b72560df66f71a9d5e34a5efdfa
    sha256: 99358d58d778abee4dca82ad29fb58058571f19b0f86138363c260049d4ac7f1
  optional: false
  category: main
  build: '1'
  arch: x86_64
  subdir: win-64
  build_number: 1
  size: 3227
  timestamp: 1608166968312
- name: m2w64-libwinpthread-git
  version: 5.0.0.4634.697f757
  manager: conda
  platform: win-64
  dependencies:
    msys2-conda-epoch: '>=20160418'
  url: https://conda.anaconda.org/conda-forge/win-64/m2w64-libwinpthread-git-5.0.0.4634.697f757-2.tar.bz2
  hash:
    md5: 774130a326dee16f1ceb05cc687ee4f0
    sha256: f63a09b2cae7defae0480f1740015d6235f1861afa6fe2e2d3e10bd0d1314ee0
  optional: false
  category: main
  build: '2'
  arch: x86_64
  subdir: win-64
  build_number: 2
  license: MIT, BSD
  size: 31928
  timestamp: 1608166099896
- name: m2w64-gcc-libs
  version: 5.3.0
  manager: conda
  platform: win-64
  dependencies:
    m2w64-libwinpthread-git: '*'
    msys2-conda-epoch: '>=20160418'
    m2w64-gcc-libs-core: '*'
    m2w64-gcc-libgfortran: '*'
    m2w64-gmp: '*'
  url: https://conda.anaconda.org/conda-forge/win-64/m2w64-gcc-libs-5.3.0-7.tar.bz2
  hash:
    md5: fe759119b8b3bfa720b8762c6fdc35de
    sha256: 3bd1ab02b7c89a5b153a17be03b36d833f1517ff2a6a77ead7c4a808b88196aa
  optional: false
  category: main
  build: '7'
  arch: x86_64
  subdir: win-64
  build_number: 7
  license: GPL3+, partial:GCCRLE, partial:LGPL2+
  size: 532390
  timestamp: 1608163512830
- name: m2w64-gcc-libgfortran
  version: 5.3.0
  manager: conda
  platform: win-64
  dependencies:
    m2w64-gcc-libs-core: '*'
    msys2-conda-epoch: '>=20160418'
  url: https://conda.anaconda.org/conda-forge/win-64/m2w64-gcc-libgfortran-5.3.0-6.tar.bz2
  hash:
    md5: 066552ac6b907ec6d72c0ddab29050dc
    sha256: 9de95a7996d5366ae0808eef2acbc63f9b11b874aa42375f55379e6715845dc6
  optional: false
  category: main
  build: '6'
  arch: x86_64
  subdir: win-64
  build_number: 6
  license: GPL, LGPL, FDL, custom
  size: 350687
  timestamp: 1608163451316
- name: tomli
  version: 2.0.1
  manager: conda
  platform: win-64
  dependencies:
    python: '>=3.7'
  url: https://conda.anaconda.org/conda-forge/noarch/tomli-2.0.1-pyhd8ed1ab_0.tar.bz2
  hash:
    md5: 5844808ffab9ebdb694585b50ba02a96
    sha256: 4cd48aba7cd026d17e86886af48d0d2ebc67ed36f87f6534f4b67138f5a5a58f
  optional: false
  category: main
  build: pyhd8ed1ab_0
  arch: x86_64
  subdir: win-64
  build_number: 0
  license: MIT
  license_family: MIT
  noarch: python
  size: 15940
  timestamp: 1644342331069
version: 1
