version: 6
environments:
  default:
    channels:
    - url: https://prefix.dev/conda-forge/
    options:
      pypi-prerelease-mode: if-necessary-or-explicit
    packages:
      linux-64:
      - conda: https://prefix.dev/conda-forge/linux-64/_openmp_mutex-4.5-20_gnu.conda
      - conda: https://prefix.dev/conda-forge/linux-64/bzip2-1.0.8-hda65f42_9.conda
      - conda: https://prefix.dev/conda-forge/noarch/ca-certificates-2026.2.25-hbd8a1cb_0.conda
      - conda: https://prefix.dev/conda-forge/noarch/colorama-0.4.6-pyhd8ed1ab_1.conda
      - conda: https://prefix.dev/conda-forge/noarch/exceptiongroup-1.3.1-pyhd8ed1ab_0.conda
      - conda: https://prefix.dev/conda-forge/linux-64/icu-78.3-h33c6efd_0.conda
      - conda: https://prefix.dev/conda-forge/noarch/iniconfig-2.3.0-pyhd8ed1ab_0.conda
      - conda: https://prefix.dev/conda-forge/linux-64/ld_impl_linux-64-2.45.1-default_hbd61a6d_102.conda
      - conda: https://prefix.dev/conda-forge/linux-64/libblas-3.11.0-6_h4a7cf45_openblas.conda
      - conda: https://prefix.dev/conda-forge/linux-64/libcblas-3.11.0-6_h0358290_openblas.conda
      - conda: https://prefix.dev/conda-forge/linux-64/libexpat-2.7.4-hecca717_0.conda
      - conda: https://prefix.dev/conda-forge/linux-64/libffi-3.5.2-h3435931_0.conda
      - conda: https://prefix.dev/conda-forge/linux-64/libgcc-15.2.0-he0feb66_18.conda
      - conda: https://prefix.dev/conda-forge/linux-64/libgcc-ng-15.2.0-h69a702a_18.conda
      - conda: https://prefix.dev/conda-forge/linux-64/libgfortran-15.2.0-h69a702a_18.conda
      - conda: https://prefix.dev/conda-forge/linux-64/libgfortran5-15.2.0-h68bc16d_18.conda
      - conda: https://prefix.dev/conda-forge/linux-64/libgomp-15.2.0-he0feb66_18.conda
      - conda: https://prefix.dev/conda-forge/linux-64/liblapack-3.11.0-6_h47877c9_openblas.conda
      - conda: https://prefix.dev/conda-forge/linux-64/liblzma-5.8.2-hb03c661_0.conda
      - conda: https://prefix.dev/conda-forge/linux-64/libnsl-2.0.1-hb9d3cd8_1.conda
      - conda: https://prefix.dev/conda-forge/linux-64/libopenblas-0.3.32-pthreads_h94d23a6_0.conda
      - conda: https://prefix.dev/conda-forge/linux-64/libsqlite-3.52.0-hf4e2dac_0.conda
      - conda: https://prefix.dev/conda-forge/linux-64/libstdcxx-15.2.0-h934c35e_18.conda
      - conda: https://prefix.dev/conda-forge/linux-64/libuuid-2.41.3-h5347b49_0.conda
      - conda: https://prefix.dev/conda-forge/linux-64/libxcrypt-4.4.36-hd590300_1.conda
      - conda: https://prefix.dev/conda-forge/linux-64/libzlib-1.3.2-h25fd6f3_2.conda
      - conda: https://prefix.dev/conda-forge/linux-64/ncurses-6.5-h2d0b736_3.conda
      - conda: https://prefix.dev/conda-forge/linux-64/numpy-2.4.3-py312h33ff503_0.conda
      - conda: https://prefix.dev/conda-forge/linux-64/openssl-3.6.1-h35e630c_1.conda
      - conda: https://prefix.dev/conda-forge/noarch/packaging-26.0-pyhcf101f3_0.conda
      - conda: https://prefix.dev/conda-forge/noarch/pip-26.0.1-pyh8b19718_0.conda
      - conda: https://prefix.dev/conda-forge/noarch/pluggy-1.6.0-pyhf9edf01_1.conda
      - conda: https://prefix.dev/conda-forge/noarch/pygments-2.19.2-pyhd8ed1ab_0.conda
      - conda: https://prefix.dev/conda-forge/noarch/pytest-9.0.2-pyhcf101f3_0.conda
      - conda: https://prefix.dev/conda-forge/linux-64/python-3.12.13-hd63d673_0_cpython.conda
      - conda: https://prefix.dev/conda-forge/noarch/python_abi-3.12-8_cp312.conda
      - conda: https://prefix.dev/conda-forge/linux-64/readline-8.3-h853b02a_0.conda
      - conda: https://prefix.dev/conda-forge/noarch/setuptools-82.0.1-pyh332efcf_0.conda
      - conda: https://prefix.dev/conda-forge/linux-64/tk-8.6.13-noxft_h366c992_103.conda
      - conda: https://prefix.dev/conda-forge/noarch/tomli-2.4.1-pyhcf101f3_0.conda
      - conda: https://prefix.dev/conda-forge/noarch/typing_extensions-4.15.0-pyhcf101f3_0.conda
      - conda: https://prefix.dev/conda-forge/noarch/tzdata-2025c-hc9c84f9_1.conda
      - conda: https://prefix.dev/conda-forge/noarch/wheel-0.46.3-pyhd8ed1ab_0.conda
      - conda: https://prefix.dev/conda-forge/linux-64/zstd-1.5.7-hb78ec9c_6.conda
      osx-arm64:
      - conda: https://prefix.dev/conda-forge/osx-arm64/_openmp_mutex-4.5-7_kmp_llvm.conda
      - conda: https://prefix.dev/conda-forge/osx-arm64/bzip2-1.0.8-hd037594_9.conda
      - conda: https://prefix.dev/conda-forge/noarch/ca-certificates-2026.2.25-hbd8a1cb_0.conda
      - conda: https://prefix.dev/conda-forge/noarch/colorama-0.4.6-pyhd8ed1ab_1.conda
      - conda: https://prefix.dev/conda-forge/noarch/exceptiongroup-1.3.1-pyhd8ed1ab_0.conda
      - conda: https://prefix.dev/conda-forge/osx-arm64/icu-78.3-hef89b57_0.conda
      - conda: https://prefix.dev/conda-forge/noarch/iniconfig-2.3.0-pyhd8ed1ab_0.conda
      - conda: https://prefix.dev/conda-forge/osx-arm64/libblas-3.11.0-6_h51639a9_openblas.conda
      - conda: https://prefix.dev/conda-forge/osx-arm64/libcblas-3.11.0-6_hb0561ab_openblas.conda
      - conda: https://prefix.dev/conda-forge/osx-arm64/libcxx-22.1.2-h55c6f16_0.conda
      - conda: https://prefix.dev/conda-forge/osx-arm64/libexpat-2.7.4-hf6b4638_0.conda
      - conda: https://prefix.dev/conda-forge/osx-arm64/libffi-3.5.2-hcf2aa1b_0.conda
      - conda: https://prefix.dev/conda-forge/osx-arm64/libgcc-15.2.0-hcbb3090_18.conda
      - conda: https://prefix.dev/conda-forge/osx-arm64/libgfortran-15.2.0-h07b0088_18.conda
      - conda: https://prefix.dev/conda-forge/osx-arm64/libgfortran5-15.2.0-hdae7583_18.conda
      - conda: https://prefix.dev/conda-forge/osx-arm64/liblapack-3.11.0-6_hd9741b5_openblas.conda
      - conda: https://prefix.dev/conda-forge/osx-arm64/liblzma-5.8.2-h8088a28_0.conda
      - conda: https://prefix.dev/conda-forge/osx-arm64/libopenblas-0.3.32-openmp_he657e61_0.conda
      - conda: https://prefix.dev/conda-forge/osx-arm64/libsqlite-3.52.0-h1ae2325_0.conda
      - conda: https://prefix.dev/conda-forge/osx-arm64/libzlib-1.3.2-h8088a28_2.conda
      - conda: https://prefix.dev/conda-forge/osx-arm64/llvm-openmp-22.1.1-hc7d1edf_0.conda
      - conda: https://prefix.dev/conda-forge/osx-arm64/ncurses-6.5-h5e97a16_3.conda
      - conda: https://prefix.dev/conda-forge/osx-arm64/numpy-2.4.3-py312h84a4f5f_0.conda
      - conda: https://prefix.dev/conda-forge/osx-arm64/openssl-3.6.1-hd24854e_1.conda
      - conda: https://prefix.dev/conda-forge/noarch/packaging-26.0-pyhcf101f3_0.conda
      - conda: https://prefix.dev/conda-forge/noarch/pip-26.0.1-pyh8b19718_0.conda
      - conda: https://prefix.dev/conda-forge/noarch/pluggy-1.6.0-pyhf9edf01_1.conda
      - conda: https://prefix.dev/conda-forge/noarch/pygments-2.19.2-pyhd8ed1ab_0.conda
      - conda: https://prefix.dev/conda-forge/noarch/pytest-9.0.2-pyhcf101f3_0.conda
      - conda: https://prefix.dev/conda-forge/osx-arm64/python-3.12.13-h8561d8f_0_cpython.conda
      - conda: https://prefix.dev/conda-forge/noarch/python_abi-3.12-8_cp312.conda
      - conda: https://prefix.dev/conda-forge/osx-arm64/readline-8.3-h46df422_0.conda
      - conda: https://prefix.dev/conda-forge/noarch/setuptools-82.0.1-pyh332efcf_0.conda
      - conda: https://prefix.dev/conda-forge/osx-arm64/tk-8.6.13-h010d191_3.conda
      - conda: https://prefix.dev/conda-forge/noarch/tomli-2.4.1-pyhcf101f3_0.conda
      - conda: https://prefix.dev/conda-forge/noarch/typing_extensions-4.15.0-pyhcf101f3_0.conda
      - conda: https://prefix.dev/conda-forge/noarch/tzdata-2025c-hc9c84f9_1.conda
      - conda: https://prefix.dev/conda-forge/noarch/wheel-0.46.3-pyhd8ed1ab_0.conda
      win-64:
      - conda: https://prefix.dev/conda-forge/win-64/bzip2-1.0.8-h0ad9c76_9.conda
      - conda: https://prefix.dev/conda-forge/noarch/ca-certificates-2026.2.25-h4c7d964_0.conda
      - conda: https://prefix.dev/conda-forge/noarch/colorama-0.4.6-pyhd8ed1ab_1.conda
      - conda: https://prefix.dev/conda-forge/noarch/exceptiongroup-1.3.1-pyhd8ed1ab_0.conda
      - conda: https://prefix.dev/conda-forge/noarch/iniconfig-2.3.0-pyhd8ed1ab_0.conda
      - conda: https://prefix.dev/conda-forge/win-64/libblas-3.11.0-6_hf2e6a31_mkl.conda
      - conda: https://prefix.dev/conda-forge/win-64/libcblas-3.11.0-6_h2a3cdd5_mkl.conda
      - conda: https://prefix.dev/conda-forge/win-64/libexpat-2.7.4-hac47afa_0.conda
      - conda: https://prefix.dev/conda-forge/win-64/libffi-3.5.2-h3d046cb_0.conda
      - conda: https://prefix.dev/conda-forge/win-64/libhwloc-2.12.2-default_h4379cf1_1000.conda
      - conda: https://prefix.dev/conda-forge/win-64/libiconv-1.18-hc1393d2_2.conda
      - conda: https://prefix.dev/conda-forge/win-64/liblapack-3.11.0-6_hf9ab0e9_mkl.conda
      - conda: https://prefix.dev/conda-forge/win-64/liblzma-5.8.2-hfd05255_0.conda
      - conda: https://prefix.dev/conda-forge/win-64/libsqlite-3.52.0-hf5d6505_0.conda
      - conda: https://prefix.dev/conda-forge/win-64/libwinpthread-12.0.0.r4.gg4f2fc60ca-h57928b3_10.conda
      - conda: https://prefix.dev/conda-forge/win-64/libxml2-16-2.15.2-h692994f_0.conda
      - conda: https://prefix.dev/conda-forge/win-64/libxml2-2.15.2-h5d26750_0.conda
      - conda: https://prefix.dev/conda-forge/win-64/libzlib-1.3.2-hfd05255_2.conda
      - conda: https://prefix.dev/conda-forge/win-64/llvm-openmp-22.1.1-h4fa8253_0.conda
      - conda: https://prefix.dev/conda-forge/win-64/mkl-2025.3.1-hac47afa_11.conda
      - conda: https://prefix.dev/conda-forge/win-64/numpy-2.4.3-py312ha3f287d_0.conda
      - conda: https://prefix.dev/conda-forge/win-64/openssl-3.6.1-hf411b9b_1.conda
      - conda: https://prefix.dev/conda-forge/noarch/packaging-26.0-pyhcf101f3_0.conda
      - conda: https://prefix.dev/conda-forge/noarch/pip-26.0.1-pyh8b19718_0.conda
      - conda: https://prefix.dev/conda-forge/noarch/pluggy-1.6.0-pyhf9edf01_1.conda
      - conda: https://prefix.dev/conda-forge/noarch/pygments-2.19.2-pyhd8ed1ab_0.conda
      - conda: https://prefix.dev/conda-forge/noarch/pytest-9.0.2-pyhcf101f3_0.conda
      - conda: https://prefix.dev/conda-forge/win-64/python-3.12.13-h0159041_0_cpython.conda
      - conda: https://prefix.dev/conda-forge/noarch/python_abi-3.12-8_cp312.conda
      - conda: https://prefix.dev/conda-forge/noarch/setuptools-82.0.1-pyh332efcf_0.conda
      - conda: https://prefix.dev/conda-forge/win-64/tbb-2022.3.0-h3155e25_2.conda
      - conda: https://prefix.dev/conda-forge/win-64/tk-8.6.13-h6ed50ae_3.conda
      - conda: https://prefix.dev/conda-forge/noarch/tomli-2.4.1-pyhcf101f3_0.conda
      - conda: https://prefix.dev/conda-forge/noarch/typing_extensions-4.15.0-pyhcf101f3_0.conda
      - conda: https://prefix.dev/conda-forge/noarch/tzdata-2025c-hc9c84f9_1.conda
      - conda: https://prefix.dev/conda-forge/win-64/ucrt-10.0.26100.0-h57928b3_0.conda
      - conda: https://prefix.dev/conda-forge/win-64/vc-14.3-h41ae7f8_34.conda
      - conda: https://prefix.dev/conda-forge/win-64/vc14_runtime-14.44.35208-h818238b_34.conda
      - conda: https://prefix.dev/conda-forge/win-64/vcomp14-14.44.35208-h818238b_34.conda
      - conda: https://prefix.dev/conda-forge/noarch/wheel-0.46.3-pyhd8ed1ab_0.conda
packages:
- conda: https://prefix.dev/conda-forge/linux-64/_openmp_mutex-4.5-20_gnu.conda
  build_number: 20
  sha256: 1dd3fffd892081df9726d7eb7e0dea6198962ba775bd88842135a4ddb4deb3c9
  md5: a9f577daf3de00bca7c3c76c0ecbd1de
  depends:
  - __glibc >=2.17,<3.0.a0
  - libgomp >=7.5.0
  constrains:
  - openmp_impl <0.0a0
  license: BSD-3-Clause
  license_family: BSD
  size: 28948
  timestamp: 1770939786096
- conda: https://prefix.dev/conda-forge/osx-arm64/_openmp_mutex-4.5-7_kmp_llvm.conda
  build_number: 7
  sha256: 7acaa2e0782cad032bdaf756b536874346ac1375745fb250e9bdd6a48a7ab3cd
  md5: a44032f282e7d2acdeb1c240308052dd
  depends:
  - llvm-openmp >=9.0.1
  license: BSD-3-Clause
  license_family: BSD
  size: 8325
  timestamp: 1764092507920
- conda: https://prefix.dev/conda-forge/linux-64/bzip2-1.0.8-hda65f42_9.conda
  sha256: 0b75d45f0bba3e95dc693336fa51f40ea28c980131fec438afb7ce6118ed05f6
  md5: d2ffd7602c02f2b316fd921d39876885
  depends:
  - __glibc >=2.17,<3.0.a0
  - libgcc >=14
  license: bzip2-1.0.6
  license_family: BSD
  size: 260182
  timestamp: 1771350215188
- conda: https://prefix.dev/conda-forge/osx-arm64/bzip2-1.0.8-hd037594_9.conda
  sha256: 540fe54be35fac0c17feefbdc3e29725cce05d7367ffedfaaa1bdda234b019df
  md5: 620b85a3f45526a8bc4d23fd78fc22f0
  depends:
  - __osx >=11.0
  license: bzip2-1.0.6
  license_family: BSD
  size: 124834
  timestamp: 1771350416561
- conda: https://prefix.dev/conda-forge/win-64/bzip2-1.0.8-h0ad9c76_9.conda
  sha256: 76dfb71df5e8d1c4eded2dbb5ba15bb8fb2e2b0fe42d94145d5eed4c75c35902
  md5: 4cb8e6b48f67de0b018719cdf1136306
  depends:
  - ucrt >=10.0.20348.0
  - vc >=14.3,<15
  - vc14_runtime >=14.44.35208
  license: bzip2-1.0.6
  license_family: BSD
  size: 56115
  timestamp: 1771350256444
- conda: https://prefix.dev/conda-forge/noarch/ca-certificates-2026.2.25-h4c7d964_0.conda
  sha256: 37950019c59b99585cee5d30dbc2cc9696ed4e11f5742606a4db1621ed8f94d6
  md5: f001e6e220355b7f87403a4d0e5bf1ca
  depends:
  - __win
  license: ISC
  size: 147734
  timestamp: 1772006322223
- conda: https://prefix.dev/conda-forge/noarch/ca-certificates-2026.2.25-hbd8a1cb_0.conda
  sha256: 67cc7101b36421c5913a1687ef1b99f85b5d6868da3abbf6ec1a4181e79782fc
  md5: 4492fd26db29495f0ba23f146cd5638d
  depends:
  - __unix
  license: ISC
  size: 147413
  timestamp: 1772006283803
- conda: https://prefix.dev/conda-forge/noarch/colorama-0.4.6-pyhd8ed1ab_1.conda
  sha256: ab29d57dc70786c1269633ba3dff20288b81664d3ff8d21af995742e2bb03287
  md5: 962b9857ee8e7018c22f2776ffa0b2d7
  depends:
  - python >=3.9
  license: BSD-3-Clause
  license_family: BSD
  size: 27011
  timestamp: 1733218222191
- conda: https://prefix.dev/conda-forge/noarch/exceptiongroup-1.3.1-pyhd8ed1ab_0.conda
  sha256: ee6cf346d017d954255bbcbdb424cddea4d14e4ed7e9813e429db1d795d01144
  md5: 8e662bd460bda79b1ea39194e3c4c9ab
  depends:
  - python >=3.10
  - typing_extensions >=4.6.0
  license: MIT and PSF-2.0
  size: 21333
  timestamp: 1763918099466
- conda: https://prefix.dev/conda-forge/linux-64/icu-78.3-h33c6efd_0.conda
  sha256: fbf86c4a59c2ed05bbffb2ba25c7ed94f6185ec30ecb691615d42342baa1a16a
  md5: c80d8a3b84358cb967fa81e7075fbc8a
  depends:
  - __glibc >=2.17,<3.0.a0
  - libgcc >=14
  - libstdcxx >=14
  license: MIT
  license_family: MIT
  size: 12723451
  timestamp: 1773822285671
- conda: https://prefix.dev/conda-forge/osx-arm64/icu-78.3-hef89b57_0.conda
  sha256: 3a7907a17e9937d3a46dfd41cffaf815abad59a569440d1e25177c15fd0684e5
  md5: f1182c91c0de31a7abd40cedf6a5ebef
  depends:
  - __osx >=11.0
  license: MIT
  license_family: MIT
  size: 12361647
  timestamp: 1773822915649
- conda: https://prefix.dev/conda-forge/noarch/iniconfig-2.3.0-pyhd8ed1ab_0.conda
  sha256: e1a9e3b1c8fe62dc3932a616c284b5d8cbe3124bbfbedcf4ce5c828cb166ee19
  md5: 9614359868482abba1bd15ce465e3c42
  depends:
  - python >=3.10
  license: MIT
  license_family: MIT
  size: 13387
  timestamp: 1760831448842
- conda: https://prefix.dev/conda-forge/linux-64/ld_impl_linux-64-2.45.1-default_hbd61a6d_102.conda
  sha256: 3d584956604909ff5df353767f3a2a2f60e07d070b328d109f30ac40cd62df6c
  md5: 18335a698559cdbcd86150a48bf54ba6
  depends:
  - __glibc >=2.17,<3.0.a0
  - zstd >=1.5.7,<1.6.0a0
  constrains:
  - binutils_impl_linux-64 2.45.1
  license: GPL-3.0-only
  license_family: GPL
  size: 728002
  timestamp: 1774197446916
- conda: https://prefix.dev/conda-forge/linux-64/libblas-3.11.0-6_h4a7cf45_openblas.conda
  build_number: 6
  sha256: 7bfe936dbb5db04820cf300a9cc1f5ee8d5302fc896c2d66e30f1ee2f20fbfd6
  md5: 6d6d225559bfa6e2f3c90ee9c03d4e2e
  depends:
  - libopenblas >=0.3.32,<0.3.33.0a0
  - libopenblas >=0.3.32,<1.0a0
  constrains:
  - blas 2.306   openblas
  - liblapack  3.11.0   6*_openblas
  - liblapacke 3.11.0   6*_openblas
  - libcblas   3.11.0   6*_openblas
  - mkl <2026
  license: BSD-3-Clause
  size: 18621
  timestamp: 1774503034895
- conda: https://prefix.dev/conda-forge/osx-arm64/libblas-3.11.0-6_h51639a9_openblas.conda
  build_number: 6
  sha256: 979227fc03628925037ab2dfda008eb7b5592644d9c2c21dd285cefe8c42553d
  md5: e551103471911260488a02155cef9c94
  depends:
  - libopenblas >=0.3.32,<0.3.33.0a0
  - libopenblas >=0.3.32,<1.0a0
  constrains:
  - liblapacke 3.11.0   6*_openblas
  - liblapack  3.11.0   6*_openblas
  - blas 2.306   openblas
  - libcblas   3.11.0   6*_openblas
  - mkl <2026
  license: BSD-3-Clause
  size: 18859
  timestamp: 1774504387211
- conda: https://prefix.dev/conda-forge/win-64/libblas-3.11.0-6_hf2e6a31_mkl.conda
  build_number: 6
  sha256: 10c8054f007adca8c780cd8bb9335fa5d990f0494b825158d3157983a25b1ea2
  md5: 95543eec964b4a4a7ca3c4c9be481aa1
  depends:
  - mkl >=2025.3.1,<2026.0a0
  constrains:
  - blas 2.306   mkl
  - liblapacke 3.11.0   6*_mkl
  - liblapack  3.11.0   6*_mkl
  - libcblas   3.11.0   6*_mkl
  license: BSD-3-Clause
  size: 68082
  timestamp: 1774503684284
- conda: https://prefix.dev/conda-forge/linux-64/libcblas-3.11.0-6_h0358290_openblas.conda
  build_number: 6
  sha256: 57edafa7796f6fa3ebbd5367692dd4c7f552be42109c2dd1a7c89b55089bf374
  md5: 36ae340a916635b97ac8a0655ace2a35
  depends:
  - libblas 3.11.0 6_h4a7cf45_openblas
  constrains:
  - blas 2.306   openblas
  - liblapack  3.11.0   6*_openblas
  - liblapacke 3.11.0   6*_openblas
  license: BSD-3-Clause
  size: 18622
  timestamp: 1774503050205
- conda: https://prefix.dev/conda-forge/osx-arm64/libcblas-3.11.0-6_hb0561ab_openblas.conda
  build_number: 6
  sha256: 2e6b3e9b1ab672133b70fc6730e42290e952793f132cb5e72eee22835463eba0
  md5: 805c6d31c5621fd75e53dfcf21fb243a
  depends:
  - libblas 3.11.0 6_h51639a9_openblas
  constrains:
  - liblapacke 3.11.0   6*_openblas
  - blas 2.306   openblas
  - liblapack  3.11.0   6*_openblas
  license: BSD-3-Clause
  size: 18863
  timestamp: 1774504433388
- conda: https://prefix.dev/conda-forge/win-64/libcblas-3.11.0-6_h2a3cdd5_mkl.conda
  build_number: 6
  sha256: 02b2a2225f4899c6aaa1dc723e06b3f7a4903d2129988f91fc1527409b07b0a5
  md5: 9e4bf521c07f4d423cba9296b7927e3c
  depends:
  - libblas 3.11.0 6_hf2e6a31_mkl
  constrains:
  - blas 2.306   mkl
  - liblapacke 3.11.0   6*_mkl
  - liblapack  3.11.0   6*_mkl
  license: BSD-3-Clause
  size: 68221
  timestamp: 1774503722413
- conda: https://prefix.dev/conda-forge/osx-arm64/libcxx-22.1.2-h55c6f16_0.conda
  sha256: d1402087c8792461bfc081629e8aa97e6e577a31ae0b84e6b9cc144a18f48067
  md5: 4280e0a7fd613b271e022e60dea0138c
  depends:
  - __osx >=11.0
  license: Apache-2.0 WITH LLVM-exception
  license_family: Apache
  size: 568094
  timestamp: 1774439202359
- conda: https://prefix.dev/conda-forge/linux-64/libexpat-2.7.4-hecca717_0.conda
  sha256: d78f1d3bea8c031d2f032b760f36676d87929b18146351c4464c66b0869df3f5
  md5: e7f7ce06ec24cfcfb9e36d28cf82ba57
  depends:
  - __glibc >=2.17,<3.0.a0
  - libgcc >=14
  constrains:
  - expat 2.7.4.*
  license: MIT
  license_family: MIT
  size: 76798
  timestamp: 1771259418166
- conda: https://prefix.dev/conda-forge/osx-arm64/libexpat-2.7.4-hf6b4638_0.conda
  sha256: 03887d8080d6a8fe02d75b80929271b39697ecca7628f0657d7afaea87761edf
  md5: a92e310ae8dfc206ff449f362fc4217f
  depends:
  - __osx >=11.0
  constrains:
  - expat 2.7.4.*
  license: MIT
  license_family: MIT
  size: 68199
  timestamp: 1771260020767
- conda: https://prefix.dev/conda-forge/win-64/libexpat-2.7.4-hac47afa_0.conda
  sha256: b31f6fb629c4e17885aaf2082fb30384156d16b48b264e454de4a06a313b533d
  md5: 1c1ced969021592407f16ada4573586d
  depends:
  - ucrt >=10.0.20348.0
  - vc >=14.3,<15
  - vc14_runtime >=14.44.35208
  constrains:
  - expat 2.7.4.*
  license: MIT
  license_family: MIT
  size: 70323
  timestamp: 1771259521393
- conda: https://prefix.dev/conda-forge/linux-64/libffi-3.5.2-h3435931_0.conda
  sha256: 31f19b6a88ce40ebc0d5a992c131f57d919f73c0b92cd1617a5bec83f6e961e6
  md5: a360c33a5abe61c07959e449fa1453eb
  depends:
  - __glibc >=2.17,<3.0.a0
  - libgcc >=14
  license: MIT
  license_family: MIT
  size: 58592
  timestamp: 1769456073053
- conda: https://prefix.dev/conda-forge/osx-arm64/libffi-3.5.2-hcf2aa1b_0.conda
  sha256: 6686a26466a527585e6a75cc2a242bf4a3d97d6d6c86424a441677917f28bec7
  md5: 43c04d9cb46ef176bb2a4c77e324d599
  depends:
  - __osx >=11.0
  license: MIT
  license_family: MIT
  size: 40979
  timestamp: 1769456747661
- conda: https://prefix.dev/conda-forge/win-64/libffi-3.5.2-h3d046cb_0.conda
  sha256: 59d01f2dfa8b77491b5888a5ab88ff4e1574c9359f7e229da254cdfe27ddc190
  md5: 720b39f5ec0610457b725eb3f396219a
  depends:
  - ucrt >=10.0.20348.0
  - vc >=14.3,<15
  - vc14_runtime >=14.44.35208
  license: MIT
  license_family: MIT
  size: 45831
  timestamp: 1769456418774
- conda: https://prefix.dev/conda-forge/linux-64/libgcc-15.2.0-he0feb66_18.conda
  sha256: faf7d2017b4d718951e3a59d081eb09759152f93038479b768e3d612688f83f5
  md5: 0aa00f03f9e39fb9876085dee11a85d4
  depends:
  - __glibc >=2.17,<3.0.a0
  - _openmp_mutex >=4.5
  constrains:
  - libgcc-ng ==15.2.0=*_18
  - libgomp 15.2.0 he0feb66_18
  license: GPL-3.0-only WITH GCC-exception-3.1
  license_family: GPL
  size: 1041788
  timestamp: 1771378212382
- conda: https://prefix.dev/conda-forge/osx-arm64/libgcc-15.2.0-hcbb3090_18.conda
  sha256: 1d9c4f35586adb71bcd23e31b68b7f3e4c4ab89914c26bed5f2859290be5560e
  md5: 92df6107310b1fff92c4cc84f0de247b
  depends:
  - _openmp_mutex
  constrains:
  - libgcc-ng ==15.2.0=*_18
  - libgomp 15.2.0 18
  license: GPL-3.0-only WITH GCC-exception-3.1
  license_family: GPL
  size: 401974
  timestamp: 1771378877463
- conda: https://prefix.dev/conda-forge/linux-64/libgcc-ng-15.2.0-h69a702a_18.conda
  sha256: e318a711400f536c81123e753d4c797a821021fb38970cebfb3f454126016893
  md5: d5e96b1ed75ca01906b3d2469b4ce493
  depends:
  - libgcc 15.2.0 he0feb66_18
  license: GPL-3.0-only WITH GCC-exception-3.1
  license_family: GPL
  size: 27526
  timestamp: 1771378224552
- conda: https://prefix.dev/conda-forge/linux-64/libgfortran-15.2.0-h69a702a_18.conda
  sha256: d2c9fad338fd85e4487424865da8e74006ab2e2475bd788f624d7a39b2a72aee
  md5: 9063115da5bc35fdc3e1002e69b9ef6e
  depends:
  - libgfortran5 15.2.0 h68bc16d_18
  constrains:
  - libgfortran-ng ==15.2.0=*_18
  license: GPL-3.0-only WITH GCC-exception-3.1
  license_family: GPL
  size: 27523
  timestamp: 1771378269450
- conda: https://prefix.dev/conda-forge/osx-arm64/libgfortran-15.2.0-h07b0088_18.conda
  sha256: 63f89087c3f0c8621c5c89ecceec1e56e5e1c84f65fc9c5feca33a07c570a836
  md5: 26981599908ed2205366e8fc91b37fc6
  depends:
  - libgfortran5 15.2.0 hdae7583_18
  constrains:
  - libgfortran-ng ==15.2.0=*_18
  license: GPL-3.0-only WITH GCC-exception-3.1
  license_family: GPL
  size: 138973
  timestamp: 1771379054939
- conda: https://prefix.dev/conda-forge/linux-64/libgfortran5-15.2.0-h68bc16d_18.conda
  sha256: 539b57cf50ec85509a94ba9949b7e30717839e4d694bc94f30d41c9d34de2d12
  md5: 646855f357199a12f02a87382d429b75
  depends:
  - __glibc >=2.17,<3.0.a0
  - libgcc >=15.2.0
  constrains:
  - libgfortran 15.2.0
  license: GPL-3.0-only WITH GCC-exception-3.1
  license_family: GPL
  size: 2482475
  timestamp: 1771378241063
- conda: https://prefix.dev/conda-forge/osx-arm64/libgfortran5-15.2.0-hdae7583_18.conda
  sha256: 91033978ba25e6a60fb86843cf7e1f7dc8ad513f9689f991c9ddabfaf0361e7e
  md5: c4a6f7989cffb0544bfd9207b6789971
  depends:
  - libgcc >=15.2.0
  constrains:
  - libgfortran 15.2.0
  license: GPL-3.0-only WITH GCC-exception-3.1
  license_family: GPL
  size: 598634
  timestamp: 1771378886363
- conda: https://prefix.dev/conda-forge/linux-64/libgomp-15.2.0-he0feb66_18.conda
  sha256: 21337ab58e5e0649d869ab168d4e609b033509de22521de1bfed0c031bfc5110
  md5: 239c5e9546c38a1e884d69effcf4c882
  depends:
  - __glibc >=2.17,<3.0.a0
  license: GPL-3.0-only WITH GCC-exception-3.1
  license_family: GPL
  size: 603262
  timestamp: 1771378117851
- conda: https://prefix.dev/conda-forge/win-64/libhwloc-2.12.2-default_h4379cf1_1000.conda
  sha256: 8cdf11333a81085468d9aa536ebb155abd74adc293576f6013fc0c85a7a90da3
  md5: 3b576f6860f838f950c570f4433b086e
  depends:
  - libwinpthread >=12.0.0.r4.gg4f2fc60ca
  - libxml2
  - libxml2-16 >=2.14.6
  - ucrt >=10.0.20348.0
  - vc >=14.3,<15
  - vc14_runtime >=14.44.35208
  license: BSD-3-Clause
  license_family: BSD
  size: 2411241
  timestamp: 1765104337762
- conda: https://prefix.dev/conda-forge/win-64/libiconv-1.18-hc1393d2_2.conda
  sha256: 0dcdb1a5f01863ac4e8ba006a8b0dc1a02d2221ec3319b5915a1863254d7efa7
  md5: 64571d1dd6cdcfa25d0664a5950fdaa2
  depends:
  - ucrt >=10.0.20348.0
  - vc >=14.3,<15
  - vc14_runtime >=14.44.35208
  license: LGPL-2.1-only
  size: 696926
  timestamp: 1754909290005
- conda: https://prefix.dev/conda-forge/linux-64/liblapack-3.11.0-6_h47877c9_openblas.conda
  build_number: 6
  sha256: 371f517eb7010b21c6cc882c7606daccebb943307cb9a3bf2c70456a5c024f7d
  md5: 881d801569b201c2e753f03c84b85e15
  depends:
  - libblas 3.11.0 6_h4a7cf45_openblas
  constrains:
  - blas 2.306   openblas
  - liblapacke 3.11.0   6*_openblas
  - libcblas   3.11.0   6*_openblas
  license: BSD-3-Clause
  size: 18624
  timestamp: 1774503065378
- conda: https://prefix.dev/conda-forge/osx-arm64/liblapack-3.11.0-6_hd9741b5_openblas.conda
  build_number: 6
  sha256: 21606b7346810559e259807497b86f438950cf19e71838e44ebaf4bd2b35b549
  md5: ee33d2d05a7c5ea1f67653b37eb74db1
  depends:
  - libblas 3.11.0 6_h51639a9_openblas
  constrains:
  - liblapacke 3.11.0   6*_openblas
  - libcblas   3.11.0   6*_openblas
  - blas 2.306   openblas
  license: BSD-3-Clause
  size: 18863
  timestamp: 1774504467905
- conda: https://prefix.dev/conda-forge/win-64/liblapack-3.11.0-6_hf9ab0e9_mkl.conda
  build_number: 6
  sha256: 2e6ac39e456ba13ec8f02fc0787b8a22c89780e24bd5556eaf642177463ffb36
  md5: 7e9cdaf6f302142bc363bbab3b5e7074
  depends:
  - libblas 3.11.0 6_hf2e6a31_mkl
  constrains:
  - blas 2.306   mkl
  - liblapacke 3.11.0   6*_mkl
  - libcblas   3.11.0   6*_mkl
  license: BSD-3-Clause
  size: 80571
  timestamp: 1774503757128
- conda: https://prefix.dev/conda-forge/linux-64/liblzma-5.8.2-hb03c661_0.conda
  sha256: 755c55ebab181d678c12e49cced893598f2bab22d582fbbf4d8b83c18be207eb
  md5: c7c83eecbb72d88b940c249af56c8b17
  depends:
  - __glibc >=2.17,<3.0.a0
  - libgcc >=14
  constrains:
  - xz 5.8.2.*
  license: 0BSD
  size: 113207
  timestamp: 1768752626120
- conda: https://prefix.dev/conda-forge/osx-arm64/liblzma-5.8.2-h8088a28_0.conda
  sha256: 7bfc7ffb2d6a9629357a70d4eadeadb6f88fa26ebc28f606b1c1e5e5ed99dc7e
  md5: 009f0d956d7bfb00de86901d16e486c7
  depends:
  - __osx >=11.0
  constrains:
  - xz 5.8.2.*
  license: 0BSD
  size: 92242
  timestamp: 1768752982486
- conda: https://prefix.dev/conda-forge/win-64/liblzma-5.8.2-hfd05255_0.conda
  sha256: f25bf293f550c8ed2e0c7145eb404324611cfccff37660869d97abf526eb957c
  md5: ba0bfd4c3cf73f299ffe46ff0eaeb8e3
  depends:
  - ucrt >=10.0.20348.0
  - vc >=14.3,<15
  - vc14_runtime >=14.44.35208
  constrains:
  - xz 5.8.2.*
  license: 0BSD
  size: 106169
  timestamp: 1768752763559
- conda: https://prefix.dev/conda-forge/linux-64/libnsl-2.0.1-hb9d3cd8_1.conda
  sha256: 927fe72b054277cde6cb82597d0fcf6baf127dcbce2e0a9d8925a68f1265eef5
  md5: d864d34357c3b65a4b731f78c0801dc4
  depends:
  - __glibc >=2.17,<3.0.a0
  - libgcc >=13
  license: LGPL-2.1-only
  license_family: GPL
  size: 33731
  timestamp: 1750274110928
- conda: https://prefix.dev/conda-forge/linux-64/libopenblas-0.3.32-pthreads_h94d23a6_0.conda
  sha256: 6dc30b28f32737a1c52dada10c8f3a41bc9e021854215efca04a7f00487d09d9
  md5: 89d61bc91d3f39fda0ca10fcd3c68594
  depends:
  - __glibc >=2.17,<3.0.a0
  - libgcc >=14
  - libgfortran
  - libgfortran5 >=14.3.0
  constrains:
  - openblas >=0.3.32,<0.3.33.0a0
  license: BSD-3-Clause
  size: 5928890
  timestamp: 1774471724897
- conda: https://prefix.dev/conda-forge/osx-arm64/libopenblas-0.3.32-openmp_he657e61_0.conda
  sha256: 713e453bde3531c22a660577e59bf91ef578dcdfd5edb1253a399fa23514949a
  md5: 3a1111a4b6626abebe8b978bb5a323bf
  depends:
  - __osx >=11.0
  - libgfortran
  - libgfortran5 >=14.3.0
  - llvm-openmp >=19.1.7
  constrains:
  - openblas >=0.3.32,<0.3.33.0a0
  license: BSD-3-Clause
  size: 4308797
  timestamp: 1774472508546
- conda: https://prefix.dev/conda-forge/linux-64/libsqlite-3.52.0-hf4e2dac_0.conda
  sha256: d716847b7deca293d2e49ed1c8ab9e4b9e04b9d780aea49a97c26925b28a7993
  md5: fd893f6a3002a635b5e50ceb9dd2c0f4
  depends:
  - __glibc >=2.17,<3.0.a0
  - icu >=78.2,<79.0a0
  - libgcc >=14
  - libzlib >=1.3.1,<2.0a0
  license: blessing
  size: 951405
  timestamp: 1772818874251
- conda: https://prefix.dev/conda-forge/osx-arm64/libsqlite-3.52.0-h1ae2325_0.conda
  sha256: beb0fd5594d6d7c7cd42c992b6bb4d66cbb39d6c94a8234f15956da99a04306c
  md5: f6233a3fddc35a2ec9f617f79d6f3d71
  depends:
  - __osx >=11.0
  - icu >=78.2,<79.0a0
  - libzlib >=1.3.1,<2.0a0
  license: blessing
  size: 918420
  timestamp: 1772819478684
- conda: https://prefix.dev/conda-forge/win-64/libsqlite-3.52.0-hf5d6505_0.conda
  sha256: 5fccf1e4e4062f8b9a554abf4f9735a98e70f82e2865d0bfdb47b9de94887583
  md5: 8830689d537fda55f990620680934bb1
  depends:
  - ucrt >=10.0.20348.0
  - vc >=14.3,<15
  - vc14_runtime >=14.44.35208
  license: blessing
  size: 1297302
  timestamp: 1772818899033
- conda: https://prefix.dev/conda-forge/linux-64/libstdcxx-15.2.0-h934c35e_18.conda
  sha256: 78668020064fdaa27e9ab65cd2997e2c837b564ab26ce3bf0e58a2ce1a525c6e
  md5: 1b08cd684f34175e4514474793d44bcb
  depends:
  - __glibc >=2.17,<3.0.a0
  - libgcc 15.2.0 he0feb66_18
  constrains:
  - libstdcxx-ng ==15.2.0=*_18
  license: GPL-3.0-only WITH GCC-exception-3.1
  license_family: GPL
  size: 5852330
  timestamp: 1771378262446
- conda: https://prefix.dev/conda-forge/linux-64/libuuid-2.41.3-h5347b49_0.conda
  sha256: 1a7539cfa7df00714e8943e18de0b06cceef6778e420a5ee3a2a145773758aee
  md5: db409b7c1720428638e7c0d509d3e1b5
  depends:
  - __glibc >=2.17,<3.0.a0
  - libgcc >=14
  license: BSD-3-Clause
  license_family: BSD
  size: 40311
  timestamp: 1766271528534
- conda: https://prefix.dev/conda-forge/win-64/libwinpthread-12.0.0.r4.gg4f2fc60ca-h57928b3_10.conda
  sha256: 0fccf2d17026255b6e10ace1f191d0a2a18f2d65088fd02430be17c701f8ffe0
  md5: 8a86073cf3b343b87d03f41790d8b4e5
  depends:
  - ucrt
  constrains:
  - pthreads-win32 <0.0a0
  - msys2-conda-epoch <0.0a0
  license: MIT AND BSD-3-Clause-Clear
  size: 36621
  timestamp: 1759768399557
- conda: https://prefix.dev/conda-forge/linux-64/libxcrypt-4.4.36-hd590300_1.conda
  sha256: 6ae68e0b86423ef188196fff6207ed0c8195dd84273cb5623b85aa08033a410c
  md5: 5aa797f8787fe7a17d1b0821485b5adc
  depends:
  - libgcc-ng >=12
  license: LGPL-2.1-or-later
  size: 100393
  timestamp: 1702724383534
- conda: https://prefix.dev/conda-forge/win-64/libxml2-2.15.2-h5d26750_0.conda
  sha256: f905eb7046987c336122121759e7f09144729f6898f48cd06df2a945b86998d8
  md5: 1007e1bfe181a2aee214779ee7f13d30
  depends:
  - libiconv >=1.18,<2.0a0
  - liblzma >=5.8.2,<6.0a0
  - libxml2-16 2.15.2 h692994f_0
  - libzlib >=1.3.1,<2.0a0
  - ucrt >=10.0.20348.0
  - vc >=14.3,<15
  - vc14_runtime >=14.44.35208
  constrains:
  - icu <0.0a0
  license: MIT
  license_family: MIT
  size: 43681
  timestamp: 1772704748950
- conda: https://prefix.dev/conda-forge/win-64/libxml2-16-2.15.2-h692994f_0.conda
  sha256: b8c71b3b609c7cfe17f3f2a47c75394d7b30acfb8b34ad7a049ea8757b4d33df
  md5: e365238134188e42ed36ee996159d482
  depends:
  - libiconv >=1.18,<2.0a0
  - liblzma >=5.8.2,<6.0a0
  - libzlib >=1.3.1,<2.0a0
  - ucrt >=10.0.20348.0
  - vc >=14.3,<15
  - vc14_runtime >=14.44.35208
  constrains:
  - libxml2 2.15.2
  - icu <0.0a0
  license: MIT
  license_family: MIT
  size: 520078
  timestamp: 1772704728534
- conda: https://prefix.dev/conda-forge/linux-64/libzlib-1.3.2-h25fd6f3_2.conda
  sha256: 55044c403570f0dc26e6364de4dc5368e5f3fc7ff103e867c487e2b5ab2bcda9
  md5: d87ff7921124eccd67248aa483c23fec
  depends:
  - __glibc >=2.17,<3.0.a0
  constrains:
  - zlib 1.3.2 *_2
  license: Zlib
  license_family: Other
  size: 63629
  timestamp: 1774072609062
- conda: https://prefix.dev/conda-forge/osx-arm64/libzlib-1.3.2-h8088a28_2.conda
  sha256: 361415a698514b19a852f5d1123c5da746d4642139904156ddfca7c922d23a05
  md5: bc5a5721b6439f2f62a84f2548136082
  depends:
  - __osx >=11.0
  constrains:
  - zlib 1.3.2 *_2
  license: Zlib
  license_family: Other
  size: 47759
  timestamp: 1774072956767
- conda: https://prefix.dev/conda-forge/win-64/libzlib-1.3.2-hfd05255_2.conda
  sha256: 88609816e0cc7452bac637aaf65783e5edf4fee8a9f8e22bdc3a75882c536061
  md5: dbabbd6234dea34040e631f87676292f
  depends:
  - ucrt >=10.0.20348.0
  - vc >=14.3,<15
  - vc14_runtime >=14.44.35208
  constrains:
  - zlib 1.3.2 *_2
  license: Zlib
  license_family: Other
  size: 58347
  timestamp: 1774072851498
- conda: https://prefix.dev/conda-forge/osx-arm64/llvm-openmp-22.1.1-hc7d1edf_0.conda
  sha256: c6f67e928f47603aca7e4b83632d8f3e82bd698051c7c0b34fcce3796eb9b63c
  md5: 5a44f53783d87427790fc8692542f1bb
  depends:
  - __osx >=11.0
  constrains:
  - intel-openmp <0.0a0
  - openmp 22.1.1|22.1.1.*
  license: Apache-2.0 WITH LLVM-exception
  license_family: APACHE
  size: 285912
  timestamp: 1774349644882
- conda: https://prefix.dev/conda-forge/win-64/llvm-openmp-22.1.1-h4fa8253_0.conda
  sha256: 64c7fe6490583f3c49c36c2f413e681072102db8abea13a3e1832f44eaf55518
  md5: d9f479404fe316e575f4a4575f3df406
  depends:
  - ucrt >=10.0.20348.0
  - vc >=14.3,<15
  - vc14_runtime >=14.44.35208
  constrains:
  - openmp 22.1.1|22.1.1.*
  - intel-openmp <0.0a0
  license: Apache-2.0 WITH LLVM-exception
  license_family: APACHE
  size: 347138
  timestamp: 1774349485844
- conda: https://prefix.dev/conda-forge/win-64/mkl-2025.3.1-hac47afa_11.conda
  sha256: f2c2b2a3c2e7d08d78c10bef7c135a4262c80d1d48c85fb5902ca30d61d645f4
  md5: 3fd3009cef89c36e9898a6feeb0f5530
  depends:
  - llvm-openmp >=22.1.1
  - tbb >=2022.3.0
  - ucrt >=10.0.20348.0
  - vc >=14.3,<15
  - vc14_runtime >=14.44.35208
  license: LicenseRef-IntelSimplifiedSoftwareOct2022
  license_family: Proprietary
  size: 99997309
  timestamp: 1774449747739
- conda: https://prefix.dev/conda-forge/linux-64/ncurses-6.5-h2d0b736_3.conda
  sha256: 3fde293232fa3fca98635e1167de6b7c7fda83caf24b9d6c91ec9eefb4f4d586
  md5: 47e340acb35de30501a76c7c799c41d7
  depends:
  - __glibc >=2.17,<3.0.a0
  - libgcc >=13
  license: X11 AND BSD-3-Clause
  size: 891641
  timestamp: 1738195959188
- conda: https://prefix.dev/conda-forge/osx-arm64/ncurses-6.5-h5e97a16_3.conda
  sha256: 2827ada40e8d9ca69a153a45f7fd14f32b2ead7045d3bbb5d10964898fe65733
  md5: 068d497125e4bf8a66bf707254fff5ae
  depends:
  - __osx >=11.0
  license: X11 AND BSD-3-Clause
  size: 797030
  timestamp: 1738196177597
- conda: https://prefix.dev/conda-forge/linux-64/numpy-2.4.3-py312h33ff503_0.conda
  sha256: 1aab7ba963affa572956b1bd8d239df52a9c7bc799c560f98bc658ab70224e10
  md5: 5930ee8a175a242b4f001b1e9e72024f
  depends:
  - python
  - libgcc >=14
  - libstdcxx >=14
  - __glibc >=2.17,<3.0.a0
  - liblapack >=3.9.0,<4.0a0
  - libblas >=3.9.0,<4.0a0
  - python_abi 3.12.* *_cp312
  - libcblas >=3.9.0,<4.0a0
  constrains:
  - numpy-base <0a0
  license: BSD-3-Clause
  license_family: BSD
  size: 8757569
  timestamp: 1773839284329
- conda: https://prefix.dev/conda-forge/osx-arm64/numpy-2.4.3-py312h84a4f5f_0.conda
  sha256: 8116c570ca5b423b46d968be799eae7494b30fe7d65e4080fc891f35a01ea0d4
  md5: 0a8a2049321d82aeaae02f07045d970e
  depends:
  - python
  - python 3.12.* *_cpython
  - libcxx >=19
  - __osx >=11.0
  - python_abi 3.12.* *_cp312
  - liblapack >=3.9.0,<4.0a0
  - libblas >=3.9.0,<4.0a0
  - libcblas >=3.9.0,<4.0a0
  constrains:
  - numpy-base <0a0
  license: BSD-3-Clause
  license_family: BSD
  size: 6840415
  timestamp: 1773839165988
- conda: https://prefix.dev/conda-forge/win-64/numpy-2.4.3-py312ha3f287d_0.conda
  sha256: f0b92b9f58406ce21c7d0f037e58cb62380daffb9232c7cb31ab5edc217527e6
  md5: 6169671e14dc7c36eebfd9870446f11c
  depends:
  - python
  - vc >=14.3,<15
  - vc14_runtime >=14.44.35208
  - ucrt >=10.0.20348.0
  - libcblas >=3.9.0,<4.0a0
  - liblapack >=3.9.0,<4.0a0
  - libblas >=3.9.0,<4.0a0
  - python_abi 3.12.* *_cp312
  constrains:
  - numpy-base <0a0
  license: BSD-3-Clause
  license_family: BSD
  size: 7166412
  timestamp: 1773839142889
- conda: https://prefix.dev/conda-forge/linux-64/openssl-3.6.1-h35e630c_1.conda
  sha256: 44c877f8af015332a5d12f5ff0fb20ca32f896526a7d0cdb30c769df1144fb5c
  md5: f61eb8cd60ff9057122a3d338b99c00f
  depends:
  - __glibc >=2.17,<3.0.a0
  - ca-certificates
  - libgcc >=14
  license: Apache-2.0
  license_family: Apache
  size: 3164551
  timestamp: 1769555830639
- conda: https://prefix.dev/conda-forge/osx-arm64/openssl-3.6.1-hd24854e_1.conda
  sha256: 361f5c5e60052abc12bdd1b50d7a1a43e6a6653aab99a2263bf2288d709dcf67
  md5: f4f6ad63f98f64191c3e77c5f5f29d76
  depends:
  - __osx >=11.0
  - ca-certificates
  license: Apache-2.0
  license_family: Apache
  size: 3104268
  timestamp: 1769556384749
- conda: https://prefix.dev/conda-forge/win-64/openssl-3.6.1-hf411b9b_1.conda
  sha256: 53a5ad2e5553b8157a91bb8aa375f78c5958f77cb80e9d2ce59471ea8e5c0bd6
  md5: eb585509b815415bc964b2c7e11c7eb3
  depends:
  - ca-certificates
  - ucrt >=10.0.20348.0
  - vc >=14.3,<15
  - vc14_runtime >=14.44.35208
  license: Apache-2.0
  license_family: Apache
  size: 9343023
  timestamp: 1769557547888
- conda: https://prefix.dev/conda-forge/noarch/packaging-26.0-pyhcf101f3_0.conda
  sha256: c1fc0f953048f743385d31c468b4a678b3ad20caffdeaa94bed85ba63049fd58
  md5: b76541e68fea4d511b1ac46a28dcd2c6
  depends:
  - python >=3.8
  - python
  license: Apache-2.0
  license_family: APACHE
  size: 72010
  timestamp: 1769093650580
- conda: https://prefix.dev/conda-forge/noarch/pip-26.0.1-pyh8b19718_0.conda
  sha256: 8e1497814a9997654ed7990a79c054ea5a42545679407acbc6f7e809c73c9120
  md5: 67bdec43082fd8a9cffb9484420b39a2
  depends:
  - python >=3.10,<3.13.0a0
  - setuptools
  - wheel
  license: MIT
  license_family: MIT
  size: 1181790
  timestamp: 1770270305795
- conda: https://prefix.dev/conda-forge/noarch/pluggy-1.6.0-pyhf9edf01_1.conda
  sha256: e14aafa63efa0528ca99ba568eaf506eb55a0371d12e6250aaaa61718d2eb62e
  md5: d7585b6550ad04c8c5e21097ada2888e
  depends:
  - python >=3.9
  - python
  license: MIT
  license_family: MIT
  size: 25877
  timestamp: 1764896838868
- conda: https://prefix.dev/conda-forge/noarch/pygments-2.19.2-pyhd8ed1ab_0.conda
  sha256: 5577623b9f6685ece2697c6eb7511b4c9ac5fb607c9babc2646c811b428fd46a
  md5: 6b6ece66ebcae2d5f326c77ef2c5a066
  depends:
  - python >=3.9
  license: BSD-2-Clause
  license_family: BSD
  size: 889287
  timestamp: 1750615908735
- conda: https://prefix.dev/conda-forge/noarch/pytest-9.0.2-pyhcf101f3_0.conda
  sha256: 9e749fb465a8bedf0184d8b8996992a38de351f7c64e967031944978de03a520
  md5: 2b694bad8a50dc2f712f5368de866480
  depends:
  - pygments >=2.7.2
  - python >=3.10
  - iniconfig >=1.0.1
  - packaging >=22
  - pluggy >=1.5,<2
  - tomli >=1
  - colorama >=0.4
  - exceptiongroup >=1
  - python
  constrains:
  - pytest-faulthandler >=2
  license: MIT
  license_family: MIT
  size: 299581
  timestamp: 1765062031645
- conda: https://prefix.dev/conda-forge/linux-64/python-3.12.13-hd63d673_0_cpython.conda
  sha256: a44655c1c3e1d43ed8704890a91e12afd68130414ea2c0872e154e5633a13d7e
  md5: 7eccb41177e15cc672e1babe9056018e
  depends:
  - __glibc >=2.17,<3.0.a0
  - bzip2 >=1.0.8,<2.0a0
  - ld_impl_linux-64 >=2.36.1
  - libexpat >=2.7.4,<3.0a0
  - libffi >=3.5.2,<3.6.0a0
  - libgcc >=14
  - liblzma >=5.8.2,<6.0a0
  - libnsl >=2.0.1,<2.1.0a0
  - libsqlite >=3.51.2,<4.0a0
  - libuuid >=2.41.3,<3.0a0
  - libxcrypt >=4.4.36
  - libzlib >=1.3.1,<2.0a0
  - ncurses >=6.5,<7.0a0
  - openssl >=3.5.5,<4.0a0
  - readline >=8.3,<9.0a0
  - tk >=8.6.13,<8.7.0a0
  - tzdata
  constrains:
  - python_abi 3.12.* *_cp312
  license: Python-2.0
  size: 31608571
  timestamp: 1772730708989
- conda: https://prefix.dev/conda-forge/osx-arm64/python-3.12.13-h8561d8f_0_cpython.conda
  sha256: e658e647a4a15981573d6018928dec2c448b10c77c557c29872043ff23c0eb6a
  md5: 8e7608172fa4d1b90de9a745c2fd2b81
  depends:
  - __osx >=11.0
  - bzip2 >=1.0.8,<2.0a0
  - libexpat >=2.7.4,<3.0a0
  - libffi >=3.5.2,<3.6.0a0
  - liblzma >=5.8.2,<6.0a0
  - libsqlite >=3.51.2,<4.0a0
  - libzlib >=1.3.1,<2.0a0
  - ncurses >=6.5,<7.0a0
  - openssl >=3.5.5,<4.0a0
  - readline >=8.3,<9.0a0
  - tk >=8.6.13,<8.7.0a0
  - tzdata
  constrains:
  - python_abi 3.12.* *_cp312
  license: Python-2.0
  size: 12127424
  timestamp: 1772730755512
- conda: https://prefix.dev/conda-forge/win-64/python-3.12.13-h0159041_0_cpython.conda
  sha256: a02b446d8b7b167b61733a3de3be5de1342250403e72a63b18dac89e99e6180e
  md5: 2956dff38eb9f8332ad4caeba941cfe7
  depends:
  - bzip2 >=1.0.8,<2.0a0
  - libexpat >=2.7.4,<3.0a0
  - libffi >=3.5.2,<3.6.0a0
  - liblzma >=5.8.2,<6.0a0
  - libsqlite >=3.51.2,<4.0a0
  - libzlib >=1.3.1,<2.0a0
  - openssl >=3.5.5,<4.0a0
  - tk >=8.6.13,<8.7.0a0
  - tzdata
  - ucrt >=10.0.20348.0
  - vc >=14.3,<15
  - vc14_runtime >=14.44.35208
  constrains:
  - python_abi 3.12.* *_cp312
  license: Python-2.0
  size: 15840187
  timestamp: 1772728877265
- conda: https://prefix.dev/conda-forge/noarch/python_abi-3.12-8_cp312.conda
  build_number: 8
  sha256: 80677180dd3c22deb7426ca89d6203f1c7f1f256f2d5a94dc210f6e758229809
  md5: c3efd25ac4d74b1584d2f7a57195ddf1
  constrains:
  - python 3.12.* *_cpython
  license: BSD-3-Clause
  license_family: BSD
  size: 6958
  timestamp: 1752805918820
- conda: https://prefix.dev/conda-forge/linux-64/readline-8.3-h853b02a_0.conda
  sha256: 12ffde5a6f958e285aa22c191ca01bbd3d6e710aa852e00618fa6ddc59149002
  md5: d7d95fc8287ea7bf33e0e7116d2b95ec
  depends:
  - __glibc >=2.17,<3.0.a0
  - libgcc >=14
  - ncurses >=6.5,<7.0a0
  license: GPL-3.0-only
  license_family: GPL
  size: 345073
  timestamp: 1765813471974
- conda: https://prefix.dev/conda-forge/osx-arm64/readline-8.3-h46df422_0.conda
  sha256: a77010528efb4b548ac2a4484eaf7e1c3907f2aec86123ed9c5212ae44502477
  md5: f8381319127120ce51e081dce4865cf4
  depends:
  - __osx >=11.0
  - ncurses >=6.5,<7.0a0
  license: GPL-3.0-only
  license_family: GPL
  size: 313930
  timestamp: 1765813902568
- conda: https://prefix.dev/conda-forge/noarch/setuptools-82.0.1-pyh332efcf_0.conda
  sha256: 82088a6e4daa33329a30bc26dc19a98c7c1d3f05c0f73ce9845d4eab4924e9e1
  md5: 8e194e7b992f99a5015edbd4ebd38efd
  depends:
  - python >=3.10
  license: MIT
  license_family: MIT
  size: 639697
  timestamp: 1773074868565
- conda: https://prefix.dev/conda-forge/win-64/tbb-2022.3.0-h3155e25_2.conda
  sha256: abd9a489f059fba85c8ffa1abdaa4d515d6de6a3325238b8e81203b913cf65a9
  md5: 0f9817ffbe25f9e69ceba5ea70c52606
  depends:
  - libhwloc >=2.12.2,<2.12.3.0a0
  - ucrt >=10.0.20348.0
  - vc >=14.3,<15
  - vc14_runtime >=14.44.35208
  license: Apache-2.0
  license_family: APACHE
  size: 155869
  timestamp: 1767886839029
- conda: https://prefix.dev/conda-forge/linux-64/tk-8.6.13-noxft_h366c992_103.conda
  sha256: cafeec44494f842ffeca27e9c8b0c27ed714f93ac77ddadc6aaf726b5554ebac
  md5: cffd3bdd58090148f4cfcd831f4b26ab
  depends:
  - __glibc >=2.17,<3.0.a0
  - libgcc >=14
  - libzlib >=1.3.1,<2.0a0
  constrains:
  - xorg-libx11 >=1.8.12,<2.0a0
  license: TCL
  license_family: BSD
  size: 3301196
  timestamp: 1769460227866
- conda: https://prefix.dev/conda-forge/osx-arm64/tk-8.6.13-h010d191_3.conda
  sha256: 799cab4b6cde62f91f750149995d149bc9db525ec12595e8a1d91b9317f038b3
  md5: a9d86bc62f39b94c4661716624eb21b0
  depends:
  - __osx >=11.0
  - libzlib >=1.3.1,<2.0a0
  license: TCL
  license_family: BSD
  size: 3127137
  timestamp: 1769460817696
- conda: https://prefix.dev/conda-forge/win-64/tk-8.6.13-h6ed50ae_3.conda
  sha256: 0e79810fae28f3b69fe7391b0d43f5474d6bd91d451d5f2bde02f55ae481d5e3
  md5: 0481bfd9814bf525bd4b3ee4b51494c4
  depends:
  - ucrt >=10.0.20348.0
  - vc >=14.3,<15
  - vc14_runtime >=14.44.35208
  license: TCL
  license_family: BSD
  size: 3526350
  timestamp: 1769460339384
- conda: https://prefix.dev/conda-forge/noarch/tomli-2.4.1-pyhcf101f3_0.conda
  sha256: 91cafdb64268e43e0e10d30bd1bef5af392e69f00edd34dfaf909f69ab2da6bd
  md5: b5325cf06a000c5b14970462ff5e4d58
  depends:
  - python >=3.10
  - python
  license: MIT
  license_family: MIT
  size: 21561
  timestamp: 1774492402955
- conda: https://prefix.dev/conda-forge/noarch/typing_extensions-4.15.0-pyhcf101f3_0.conda
  sha256: 032271135bca55aeb156cee361c81350c6f3fb203f57d024d7e5a1fc9ef18731
  md5: 0caa1af407ecff61170c9437a808404d
  depends:
  - python >=3.10
  - python
  license: PSF-2.0
  license_family: PSF
  size: 51692
  timestamp: 1756220668932
- conda: https://prefix.dev/conda-forge/noarch/tzdata-2025c-hc9c84f9_1.conda
  sha256: 1d30098909076af33a35017eed6f2953af1c769e273a0626a04722ac4acaba3c
  md5: ad659d0a2b3e47e38d829aa8cad2d610
  license: LicenseRef-Public-Domain
  size: 119135
  timestamp: 1767016325805
- conda: https://prefix.dev/conda-forge/win-64/ucrt-10.0.26100.0-h57928b3_0.conda
  sha256: 3005729dce6f3d3f5ec91dfc49fc75a0095f9cd23bab49efb899657297ac91a5
  md5: 71b24316859acd00bdb8b38f5e2ce328
  constrains:
  - vc14_runtime >=14.29.30037
  - vs2015_runtime >=14.29.30037
  license: LicenseRef-MicrosoftWindowsSDK10
  size: 694692
  timestamp: 1756385147981
- conda: https://prefix.dev/conda-forge/win-64/vc-14.3-h41ae7f8_34.conda
  sha256: 9dc40c2610a6e6727d635c62cced5ef30b7b30123f5ef67d6139e23d21744b3a
  md5: 1e610f2416b6acdd231c5f573d754a0f
  depends:
  - vc14_runtime >=14.44.35208
  track_features:
  - vc14
  license: BSD-3-Clause
  license_family: BSD
  size: 19356
  timestamp: 1767320221521
- conda: https://prefix.dev/conda-forge/win-64/vc14_runtime-14.44.35208-h818238b_34.conda
  sha256: 02732f953292cce179de9b633e74928037fa3741eb5ef91c3f8bae4f761d32a5
  md5: 37eb311485d2d8b2c419449582046a42
  depends:
  - ucrt >=10.0.20348.0
  - vcomp14 14.44.35208 h818238b_34
  constrains:
  - vs2015_runtime 14.44.35208.* *_34
  license: LicenseRef-MicrosoftVisualCpp2015-2022Runtime
  license_family: Proprietary
  size: 683233
  timestamp: 1767320219644
- conda: https://prefix.dev/conda-forge/win-64/vcomp14-14.44.35208-h818238b_34.conda
  sha256: 878d5d10318b119bd98ed3ed874bd467acbe21996e1d81597a1dbf8030ea0ce6
  md5: 242d9f25d2ae60c76b38a5e42858e51d
  depends:
  - ucrt >=10.0.20348.0
  constrains:
  - vs2015_runtime 14.44.35208.* *_34
  license: LicenseRef-MicrosoftVisualCpp2015-2022Runtime
  license_family: Proprietary
  size: 115235
  timestamp: 1767320173250
- conda: https://prefix.dev/conda-forge/noarch/wheel-0.46.3-pyhd8ed1ab_0.conda
  sha256: d6cf2f0ebd5e09120c28ecba450556ce553752652d91795442f0e70f837126ae
  md5: bdbd7385b4a67025ac2dba4ef8cb6a8f
  depends:
  - packaging >=24.0
  - python >=3.10
  license: MIT
  license_family: MIT
  size: 31858
  timestamp: 1769139207397
- conda: https://prefix.dev/conda-forge/linux-64/zstd-1.5.7-hb78ec9c_6.conda
  sha256: 68f0206ca6e98fea941e5717cec780ed2873ffabc0e1ed34428c061e2c6268c7
  md5: 4a13eeac0b5c8e5b8ab496e6c4ddd829
  depends:
  - __glibc >=2.17,<3.0.a0
  - libzlib >=1.3.1,<2.0a0
  license: BSD-3-Clause
  license_family: BSD
  size: 601375
  timestamp: 1764777111296
